{
  "version": "5",
  "specifiers": {
    "jsr:@std/internal@^1.0.9": "1.0.9",
    "jsr:@std/path@*": "1.1.1",
    "npm:@gel/generate@~0.6.4": "0.6.4_gel@2.1.1",
    "npm:gel@^2.1.1": "2.1.1",
    "npm:schema-dts@*": "1.1.5",
    "npm:schema-dts@^1.1.5": "1.1.5"
  },
  "jsr": {
    "@std/internal@1.0.9": {
      "integrity": "bdfb97f83e4db7a13e8faab26fb1958d1b80cc64366501af78a0aee151696eb8"
    },
    "@std/path@1.1.1": {
      "integrity": "fe00026bd3a7e6a27f73709b83c607798be40e20c81dde655ce34052fd82ec76",
      "dependencies": [
        "jsr:@std/internal"
      ]
    }
  },
  "npm": {
    "@gel/generate@0.6.4_gel@2.1.1": {
      "integrity": "sha512-/grKSQTurYNVs0Q1+lIza5HbuG4MuH60LEzxSNodWMWybYUD+7lAl6sJBInfx/Nm7kVqPXnaU9jPKMisp5Vz+Q==",
      "dependencies": [
        "@iarna/toml",
        "debug",
        "gel"
      ],
      "bin": true
    },
    "@iarna/toml@2.2.5": {
      "integrity": "sha512-trnsAYxU3xnS1gPHPyU961coFyLkh4gAD/0zQ5mymY4yOZ+CYvsPqUbOFSw0aDM4y0tV7tiFxL/1XfXPNC6IPg=="
    },
    "@petamoriken/float16@3.9.2": {
      "integrity": "sha512-VgffxawQde93xKxT3qap3OH+meZf7VaSB5Sqd4Rqc+FP5alWbpOyan/7tRbOAvynjpG3GpdtAuGU/NdhQpmrog=="
    },
    "debug@4.4.1": {
      "integrity": "sha512-KcKCqiftBJcZr++7ykoDIEwSa3XWowTfNPo92BYxjXiyYEVrUQh2aLyhxBCwww+heortUFxEJYcRzosstTEBYQ==",
      "dependencies": [
        "ms"
      ]
    },
    "env-paths@3.0.0": {
      "integrity": "sha512-dtJUTepzMW3Lm/NPxRf3wP4642UWhjL2sQxc+ym2YMj1m/H2zDNQOlezafzkHwn6sMstjHTwG6iQQsctDW/b1A=="
    },
    "gel@2.1.1": {
      "integrity": "sha512-Newg9X7mRYskoBjSw70l1YnJ/ZGbq64VPyR821H5WVkTGpHG2O0mQILxCeUhxdYERLFY9B4tUyKLyf3uMTjtKw==",
      "dependencies": [
        "@petamoriken/float16",
        "debug",
        "env-paths",
        "semver",
        "shell-quote",
        "which"
      ],
      "bin": true
    },
    "isexe@3.1.1": {
      "integrity": "sha512-LpB/54B+/2J5hqQ7imZHfdU31OlgQqx7ZicVlkm9kzg9/w8GKLEcFfJl/t7DCEDueOyBAD6zCCwTO6Fzs0NoEQ=="
    },
    "ms@2.1.3": {
      "integrity": "sha512-6FlzubTLZG3J2a/NVCAleEhjzq5oxgHyaCU9yYXvcLsvoVaHJq/s5xXI6/XXP6tz7R9xAOtHnSO/tXtF3WRTlA=="
    },
    "schema-dts@1.1.5": {
      "integrity": "sha512-RJr9EaCmsLzBX2NDiO5Z3ux2BVosNZN5jo0gWgsyKvxKIUL5R3swNvoorulAeL9kLB0iTSX7V6aokhla2m7xbg=="
    },
    "semver@7.7.2": {
      "integrity": "sha512-RF0Fw+rO5AMf9MAyaRXI4AV0Ulj5lMHqVxxdSgiVbixSCXoEmmX/jk0CuJw4+3SqroYO9VoUh+HcuJivvtJemA==",
      "bin": true
    },
    "shell-quote@1.8.3": {
      "integrity": "sha512-ObmnIF4hXNg1BqhnHmgbDETF8dLPCggZWBjkQfhZpbszZnYur5DUljTcCHii5LC3J5E0yeO/1LIMyH+UvHQgyw=="
    },
    "which@4.0.0": {
      "integrity": "sha512-GlaYyEb07DPxYCKhKzplCWBJtvxZcZMrL+4UkrTSJHHPyZU4mYYTv3qaOe77H7EODLSSopAUFAc6W8U4yqvscg==",
      "dependencies": [
        "isexe"
      ],
      "bin": true
    }
  },
  "workspace": {
    "dependencies": [
      "npm:@gel/generate@~0.6.4",
      "npm:gel@^2.1.1",
      "npm:schema-dts@^1.1.5"
    ]
  }
}
